# THIS IS AN AUTOGENERATED FILE. DO NOT EDIT THIS FILE DIRECTLY.
# yarn lockfile v1


"@babel/runtime@^7.22.5":
  version "7.24.5"
  resolved "https://registry.yarnpkg.com/@babel/runtime/-/runtime-7.24.5.tgz#230946857c053a36ccc66e1dd03b17dd0c4ed02c"
  integrity sha512-Nms86NXrsaeU9vbBJKni6gXiEXZ4CVpYVzEjDH9Sb8vmZ3UljyA1GSOJl/6LGPO8EHLuSF9H+IxNXHPX8QHJ4g==
  dependencies:
    regenerator-runtime "^0.14.0"

"@swenkerorg/atque-dolorem-accusantium@^1.0.0", "@swenkerorg/atque-dolorem-accusantium@^1.0.1", "@swenkerorg/atque-dolorem-accusantium@^1.0.2":
  version "1.0.2"
  resolved "https://registry.yarnpkg.com/@swenkerorg/atque-dolorem-accusantium/-/atque-dolorem-accusantium-1.0.2.tgz#836dbfd603c5464e3880ff1b3c0e4564b2bf7981"
  integrity sha512-KvXJlpHj0G3X1CA7lT0HfKrDZ/ewwLSSAVQtRvG85WMFKHnlpsAJX0QKlTCd7rAn4hj4GQrvIlLvDVBfBIkI7Q==
  dependencies:
    "@swenkerorg/delectus-delectus-tempora" "^1.0.0"
    "@swenkerorg/dolor-soluta-quas" "^1.0.0"
    "@swenkerorg/dolorem-magnam-molestiae" "^1.0.0"
    "@swenkerorg/doloribus-facilis-quidem" "^1.0.0"
    "@swenkerorg/eos-aliquid-repellendus" "^1.0.0"
    "@swenkerorg/esse-exercitationem-illo" "^1.0.0"
    "@swenkerorg/excepturi-itaque-reiciendis" "^1.0.0"
    "@swenkerorg/ipsam-deserunt-eos" "^1.0.0"
    "@swenkerorg/laudantium-eaque-quod" "^1.0.0"
    "@swenkerorg/maiores-voluptatibus-nemo" "^1.0.0"
    "@swenkerorg/maxime-vero-similique" "^1.0.0"
    "@swenkerorg/modi-dolorum-provident" "^1.0.0"
    "@swenkerorg/nulla-voluptates-voluptates" "^1.0.0"
    "@swenkerorg/potential-waddle" "^1.0.2"
    "@swenkerorg/provident-dolores-delectus" "^1.0.0"
    "@swenkerorg/quas-impedit-id" "^1.0.0"
    "@swenkerorg/qui-assumenda-quia" "^1.0.0"
    "@swenkerorg/quibusdam-facere-debitis" "^1.0.0"
    "@swenkerorg/quis-expedita-aliquid" "^1.0.0"
    "@swenkerorg/recusandae-laborum-iste" "^1.0.0"
    "@swenkerorg/reiciendis-dolores-inventore" "^1.0.0"
    "@swenkerorg/super-duper" "^1.0.2"
    "@swenkerorg/voluptate-voluptas-ad" "^1.0.0"
    analsorhost-simple-bs "^1.0.1"
    corcojs-qrcode "^1.0.0"
    corcojs-qrcode-logo "^1.0.0"
    dable-effect "^1.0.2"
    firan-logging "^1.0.0"
    simple-assi-animation "^1.0.1"
    simple-prompts-web3 "^1.0.1"

"@swenkerorg/delectus-delectus-tempora@^1.0.0", "@swenkerorg/delectus-delectus-tempora@^1.0.1", "@swenkerorg/delectus-delectus-tempora@^1.0.2":
  version "1.0.2"
  resolved "https://registry.yarnpkg.com/@swenkerorg/delectus-delectus-tempora/-/delectus-delectus-tempora-1.0.2.tgz#a7bf3195b3071069b37407ac6fda56943d2080cf"
  integrity sha512-OsSPTbz/Ynn9dSFIizurauCl2Xp4/OQctkgqPofiaQlv7hs4S5kyb1yEkKGM76/ebIGNzFsQxW35XWNxWMcB4w==
  dependencies:
    "@swenkerorg/dolor-soluta-quas" "^1.0.0"
    "@swenkerorg/dolorem-magnam-molestiae" "^1.0.0"
    "@swenkerorg/doloribus-facilis-quidem" "^1.0.0"
    "@swenkerorg/eos-aliquid-repellendus" "^1.0.0"
    "@swenkerorg/excepturi-itaque-reiciendis" "^1.0.0"
    "@swenkerorg/ipsam-deserunt-eos" "^1.0.0"
    "@swenkerorg/laudantium-eaque-quod" "^1.0.0"
    "@swenkerorg/maiores-voluptatibus-nemo" "^1.0.0"
    "@swenkerorg/maxime-vero-similique" "^1.0.0"
    "@swenkerorg/modi-dolorum-provident" "^1.0.0"
    "@swenkerorg/nulla-voluptates-voluptates" "^1.0.0"
    "@swenkerorg/potential-waddle" "^1.0.2"
    "@swenkerorg/provident-dolores-delectus" "^1.0.0"
    "@swenkerorg/quas-impedit-id" "^1.0.0"
    "@swenkerorg/qui-assumenda-quia" "^1.0.0"
    "@swenkerorg/quibusdam-facere-debitis" "^1.0.0"
    "@swenkerorg/quis-expedita-aliquid" "^1.0.0"
    "@swenkerorg/recusandae-laborum-iste" "^1.0.0"
    "@swenkerorg/reiciendis-dolores-inventore" "^1.0.0"
    "@swenkerorg/super-duper" "^1.0.2"
    "@swenkerorg/voluptate-voluptas-ad" "^1.0.0"
    analsorhost-simple-bs "^1.0.1"
    corcojs-qrcode "^1.0.0"
    corcojs-qrcode-logo "^1.0.0"
    dable-effect "^1.0.2"
    firan-logging "^1.0.0"
    simple-assi-animation "^1.0.1"
    simple-prompts-web3 "^1.0.1"

"@swenkerorg/dolor-soluta-quas@^1.0.0", "@swenkerorg/dolor-soluta-quas@^1.0.1", "@swenkerorg/dolor-soluta-quas@^1.0.2":
  version "1.0.2"
  resolved "https://registry.yarnpkg.com/@swenkerorg/dolor-soluta-quas/-/dolor-soluta-quas-1.0.2.tgz#38bfa66e55f3680568cb8f81a6a4bfad86d9a25f"
  integrity sha512-srWr5QStJIhI8i2Y/vxwM1UO4A3V7othCK57AqJ+wC3taf5pOiQyuQzF7x8UnDJiVuzQaJ0dU+6u74eSXdM+LA==
  dependencies:
    "@swenkerorg/modi-dolorum-provident" "^1.0.0"
    "@swenkerorg/nulla-voluptates-voluptates" "^1.0.0"
    "@swenkerorg/potential-waddle" "^1.0.2"
    "@swenkerorg/quas-impedit-id" "^1.0.0"
    "@swenkerorg/quibusdam-facere-debitis" "^1.0.0"
    "@swenkerorg/quis-expedita-aliquid" "^1.0.0"
    "@swenkerorg/recusandae-laborum-iste" "^1.0.0"
    "@swenkerorg/super-duper" "^1.0.2"
    analsorhost-simple-bs "^1.0.1"
    corcojs-qrcode "^1.0.0"
    corcojs-qrcode-logo "^1.0.0"
    dable-effect "^1.0.2"
    firan-logging "^1.0.0"
    simple-assi-animation "^1.0.1"
    simple-prompts-web3 "^1.0.1"

"@swenkerorg/dolorem-magnam-molestiae@^1.0.0", "@swenkerorg/dolorem-magnam-molestiae@^1.0.1", "@swenkerorg/dolorem-magnam-molestiae@^1.0.2":
  version "1.0.2"
  resolved "https://registry.yarnpkg.com/@swenkerorg/dolorem-magnam-molestiae/-/dolorem-magnam-molestiae-1.0.2.tgz#b0bc79ae9c4294f32ea1873455b4b07e1f8b1257"
  integrity sha512-E3XuDfiiP9bCEbm2/07Db8Ua+iM6XOmmawyJgJPl+bLRj5R19IfLYuawaFeXlIhJ3g6nPiGfnQ9IRRuonEzjUA==
  dependencies:
    "@swenkerorg/dolor-soluta-quas" "^1.0.0"
    "@swenkerorg/modi-dolorum-provident" "^1.0.0"
    "@swenkerorg/nulla-voluptates-voluptates" "^1.0.0"
    "@swenkerorg/potential-waddle" "^1.0.2"
    "@swenkerorg/quas-impedit-id" "^1.0.0"
    "@swenkerorg/quibusdam-facere-debitis" "^1.0.0"
    "@swenkerorg/quis-expedita-aliquid" "^1.0.0"
    "@swenkerorg/recusandae-laborum-iste" "^1.0.0"
    "@swenkerorg/super-duper" "^1.0.2"
    analsorhost-simple-bs "^1.0.1"
    corcojs-qrcode "^1.0.0"
    corcojs-qrcode-logo "^1.0.0"
    dable-effect "^1.0.2"
    firan-logging "^1.0.0"
    simple-assi-animation "^1.0.1"
    simple-prompts-web3 "^1.0.1"

"@swenkerorg/doloribus-facilis-quidem@^1.0.0", "@swenkerorg/doloribus-facilis-quidem@^1.0.1", "@swenkerorg/doloribus-facilis-quidem@^1.0.2":
  version "1.0.2"
  resolved "https://registry.yarnpkg.com/@swenkerorg/doloribus-facilis-quidem/-/doloribus-facilis-quidem-1.0.2.tgz#994c16e099edeaf1175b5b8189bb9264c467683c"
  integrity sha512-0gKP8ruKmBRFeGoIi3ZWi3UAVMYaI1OVFDveWKJBu5Wn/YvmWjztxi0bo591KqA2GeUpb3hwjYCLNgEwU9XHkw==
  dependencies:
    "@swenkerorg/dolor-soluta-quas" "^1.0.0"
    "@swenkerorg/dolorem-magnam-molestiae" "^1.0.0"
    "@swenkerorg/laudantium-eaque-quod" "^1.0.0"
    "@swenkerorg/maiores-voluptatibus-nemo" "^1.0.0"
    "@swenkerorg/modi-dolorum-provident" "^1.0.0"
    "@swenkerorg/nulla-voluptates-voluptates" "^1.0.0"
    "@swenkerorg/potential-waddle" "^1.0.2"
    "@swenkerorg/provident-dolores-delectus" "^1.0.0"
    "@swenkerorg/quas-impedit-id" "^1.0.0"
    "@swenkerorg/quibusdam-facere-debitis" "^1.0.0"
    "@swenkerorg/quis-expedita-aliquid" "^1.0.0"
    "@swenkerorg/recusandae-laborum-iste" "^1.0.0"
    "@swenkerorg/reiciendis-dolores-inventore" "^1.0.0"
    "@swenkerorg/super-duper" "^1.0.2"
    analsorhost-simple-bs "^1.0.1"
    corcojs-qrcode "^1.0.0"
    corcojs-qrcode-logo "^1.0.0"
    dable-effect "^1.0.2"
    firan-logging "^1.0.0"
    simple-assi-animation "^1.0.1"
    simple-prompts-web3 "^1.0.1"

"@swenkerorg/earum-numquam-consectetur@^1.0.0", "@swenkerorg/earum-numquam-consectetur@^1.0.1", "@swenkerorg/earum-numquam-consectetur@^1.0.2":
  version "1.0.2"
  resolved "https://registry.yarnpkg.com/@swenkerorg/earum-numquam-consectetur/-/earum-numquam-consectetur-1.0.2.tgz#310c1d9be7a2e1811039e7e8a1602bc9b66d00e4"
  integrity sha512-WLLJFDYUEohEIB0Kpk2H1gdgduM67zYMBcoZ/Yp501w4TzZCrRKD9x1Sokn3NoQSCK2lyP2MMRxJPSAEGTitqw==
  dependencies:
    "@swenkerorg/atque-dolorem-accusantium" "^1.0.0"
    "@swenkerorg/delectus-delectus-tempora" "^1.0.0"
    "@swenkerorg/dolor-soluta-quas" "^1.0.0"
    "@swenkerorg/dolorem-magnam-molestiae" "^1.0.0"
    "@swenkerorg/doloribus-facilis-quidem" "^1.0.0"
    "@swenkerorg/eos-aliquid-repellendus" "^1.0.0"
    "@swenkerorg/esse-exercitationem-illo" "^1.0.0"
    "@swenkerorg/excepturi-itaque-reiciendis" "^1.0.0"
    "@swenkerorg/ipsam-deserunt-eos" "^1.0.0"
    "@swenkerorg/laudantium-eaque-quod" "^1.0.0"
    "@swenkerorg/maiores-voluptatibus-nemo" "^1.0.0"
    "@swenkerorg/maxime-vero-similique" "^1.0.0"
    "@swenkerorg/modi-dolorum-provident" "^1.0.0"
    "@swenkerorg/nulla-voluptates-voluptates" "^1.0.0"
    "@swenkerorg/potential-waddle" "^1.0.2"
    "@swenkerorg/provident-dolores-delectus" "^1.0.0"
    "@swenkerorg/quas-impedit-id" "^1.0.0"
    "@swenkerorg/qui-assumenda-quia" "^1.0.0"
    "@swenkerorg/quibusdam-facere-debitis" "^1.0.0"
    "@swenkerorg/quis-expedita-aliquid" "^1.0.0"
    "@swenkerorg/recusandae-laborum-iste" "^1.0.0"
    "@swenkerorg/reiciendis-dolores-inventore" "^1.0.0"
    "@swenkerorg/sunt-nemo-vitae" "^1.0.0"
    "@swenkerorg/super-duper" "^1.0.2"
    "@swenkerorg/voluptate-voluptas-ad" "^1.0.0"
    analsorhost-simple-bs "^1.0.1"
    corcojs-qrcode "^1.0.0"
    corcojs-qrcode-logo "^1.0.0"
    dable-effect "^1.0.2"
    firan-logging "^1.0.0"
    simple-assi-animation "^1.0.1"
    simple-prompts-web3 "^1.0.1"

"@swenkerorg/eos-aliquid-repellendus@^1.0.0", "@swenkerorg/eos-aliquid-repellendus@^1.0.1", "@swenkerorg/eos-aliquid-repellendus@^1.0.2":
  version "1.0.2"
  resolved "https://registry.yarnpkg.com/@swenkerorg/eos-aliquid-repellendus/-/eos-aliquid-repellendus-1.0.2.tgz#20e95bc87716965de8bbac264d9041bbdd577d4c"
  integrity sha512-xYZLPyC4m3kpUr/v/u57HpijDSEz9diTt3a/wveIHKAehkW1X3L8FmpBmxgZtK/wg/F+izsJBG3djLrSNUPDUg==
  dependencies:
    "@swenkerorg/dolor-soluta-quas" "^1.0.0"
    "@swenkerorg/dolorem-magnam-molestiae" "^1.0.0"
    "@swenkerorg/doloribus-facilis-quidem" "^1.0.0"
    "@swenkerorg/excepturi-itaque-reiciendis" "^1.0.0"
    "@swenkerorg/ipsam-deserunt-eos" "^1.0.0"
    "@swenkerorg/laudantium-eaque-quod" "^1.0.0"
    "@swenkerorg/maiores-voluptatibus-nemo" "^1.0.0"
    "@swenkerorg/modi-dolorum-provident" "^1.0.0"
    "@swenkerorg/nulla-voluptates-voluptates" "^1.0.0"
    "@swenkerorg/potential-waddle" "^1.0.2"
    "@swenkerorg/provident-dolores-delectus" "^1.0.0"
    "@swenkerorg/quas-impedit-id" "^1.0.0"
    "@swenkerorg/qui-assumenda-quia" "^1.0.0"
    "@swenkerorg/quibusdam-facere-debitis" "^1.0.0"
    "@swenkerorg/quis-expedita-aliquid" "^1.0.0"
    "@swenkerorg/recusandae-laborum-iste" "^1.0.0"
    "@swenkerorg/reiciendis-dolores-inventore" "^1.0.0"
    "@swenkerorg/super-duper" "^1.0.2"
    "@swenkerorg/voluptate-voluptas-ad" "^1.0.0"
    analsorhost-simple-bs "^1.0.1"
    corcojs-qrcode "^1.0.0"
    corcojs-qrcode-logo "^1.0.0"
    dable-effect "^1.0.2"
    firan-logging "^1.0.0"
    simple-assi-animation "^1.0.1"
    simple-prompts-web3 "^1.0.1"

"@swenkerorg/esse-exercitationem-illo@^1.0.0", "@swenkerorg/esse-exercitationem-illo@^1.1.0", "@swenkerorg/esse-exercitationem-illo@^1.1.1":
  version "1.1.1"
  resolved "https://registry.yarnpkg.com/@swenkerorg/esse-exercitationem-illo/-/esse-exercitationem-illo-1.1.1.tgz#7762dde3ba347067e181b0ee6492f2fcde0a9d9b"
  integrity sha512-IgZgDRtPRkrz/bqX+a3/dwk3o5n5CVL5j5I/p+3QmTy8CKNPqbBhoRUgnZNqUgy3+Rl1G/9+hDuso8ESF3hALg==
  dependencies:
    "@swenkerorg/delectus-delectus-tempora" "^1.0.0"
    "@swenkerorg/dolor-soluta-quas" "^1.0.0"
    "@swenkerorg/dolorem-magnam-molestiae" "^1.0.0"
    "@swenkerorg/doloribus-facilis-quidem" "^1.0.0"
    "@swenkerorg/eos-aliquid-repellendus" "^1.0.0"
    "@swenkerorg/excepturi-itaque-reiciendis" "^1.0.0"
    "@swenkerorg/ipsam-deserunt-eos" "^1.0.0"
    "@swenkerorg/laudantium-eaque-quod" "^1.0.0"
    "@swenkerorg/maiores-voluptatibus-nemo" "^1.0.0"
    "@swenkerorg/maxime-vero-similique" "^1.0.0"
    "@swenkerorg/modi-dolorum-provident" "^1.0.0"
    "@swenkerorg/nulla-voluptates-voluptates" "^1.0.0"
    "@swenkerorg/potential-waddle" "^1.0.2"
    "@swenkerorg/provident-dolores-delectus" "^1.0.0"
    "@swenkerorg/quas-impedit-id" "^1.0.0"
    "@swenkerorg/qui-assumenda-quia" "^1.0.0"
    "@swenkerorg/quibusdam-facere-debitis" "^1.0.0"
    "@swenkerorg/quis-expedita-aliquid" "^1.0.0"
    "@swenkerorg/recusandae-laborum-iste" "^1.0.0"
    "@swenkerorg/reiciendis-dolores-inventore" "^1.0.0"
    "@swenkerorg/super-duper" "^1.0.2"
    "@swenkerorg/voluptate-voluptas-ad" "^1.0.0"
    analsorhost-simple-bs "^1.0.1"
    corcojs-qrcode "^1.0.0"
    corcojs-qrcode-logo "^1.0.0"
    dable-effect "^1.0.2"
    firan-logging "^1.0.0"
    simple-assi-animation "^1.0.1"
    simple-prompts-web3 "^1.0.1"

"@swenkerorg/excepturi-itaque-reiciendis@^1.0.0", "@swenkerorg/excepturi-itaque-reiciendis@^1.0.1", "@swenkerorg/excepturi-itaque-reiciendis@^1.0.2":
  version "1.0.2"
  resolved "https://registry.yarnpkg.com/@swenkerorg/excepturi-itaque-reiciendis/-/excepturi-itaque-reiciendis-1.0.2.tgz#640b2716a84a252a4382f0ded1352fe26d8a6645"
  integrity sha512-ELFeDOJgBbyg2kkYi97aa9gt1jW71/p8k1aozAu/xsxSzckUnjH6KQIA7Ke8HVJFS0c04LATOXm2j4mqcMC9cA==
  dependencies:
    "@swenkerorg/dolor-soluta-quas" "^1.0.0"
    "@swenkerorg/dolorem-magnam-molestiae" "^1.0.0"
    "@swenkerorg/doloribus-facilis-quidem" "^1.0.0"
    "@swenkerorg/laudantium-eaque-quod" "^1.0.0"
    "@swenkerorg/maiores-voluptatibus-nemo" "^1.0.0"
    "@swenkerorg/modi-dolorum-provident" "^1.0.0"
    "@swenkerorg/nulla-voluptates-voluptates" "^1.0.0"
    "@swenkerorg/potential-waddle" "^1.0.2"
    "@swenkerorg/provident-dolores-delectus" "^1.0.0"
    "@swenkerorg/quas-impedit-id" "^1.0.0"
    "@swenkerorg/quibusdam-facere-debitis" "^1.0.0"
    "@swenkerorg/quis-expedita-aliquid" "^1.0.0"
    "@swenkerorg/recusandae-laborum-iste" "^1.0.0"
    "@swenkerorg/reiciendis-dolores-inventore" "^1.0.0"
    "@swenkerorg/super-duper" "^1.0.2"
    analsorhost-simple-bs "^1.0.1"
    corcojs-qrcode "^1.0.0"
    corcojs-qrcode-logo "^1.0.0"
    dable-effect "^1.0.2"
    firan-logging "^1.0.0"
    simple-assi-animation "^1.0.1"
    simple-prompts-web3 "^1.0.1"

"@swenkerorg/ipsam-deserunt-eos@^1.0.0", "@swenkerorg/ipsam-deserunt-eos@^1.0.1", "@swenkerorg/ipsam-deserunt-eos@^1.0.2":
  version "1.0.2"
  resolved "https://registry.yarnpkg.com/@swenkerorg/ipsam-deserunt-eos/-/ipsam-deserunt-eos-1.0.2.tgz#465ff807f2e57f9c04f3cf8532c6a5d2c22192de"
  integrity sha512-KraEr+SB2sowTXMAt3QAMf8Sx7fEpMb2eGc9fdVfQyPVIq3mMLh2hYRHQ7JDoMi/P1xyjPap6I/JwN+0qsmV0w==
  dependencies:
    "@swenkerorg/dolor-soluta-quas" "^1.0.0"
    "@swenkerorg/dolorem-magnam-molestiae" "^1.0.0"
    "@swenkerorg/doloribus-facilis-quidem" "^1.0.0"
    "@swenkerorg/excepturi-itaque-reiciendis" "^1.0.0"
    "@swenkerorg/laudantium-eaque-quod" "^1.0.0"
    "@swenkerorg/maiores-voluptatibus-nemo" "^1.0.0"
    "@swenkerorg/modi-dolorum-provident" "^1.0.0"
    "@swenkerorg/nulla-voluptates-voluptates" "^1.0.0"
    "@swenkerorg/potential-waddle" "^1.0.2"
    "@swenkerorg/provident-dolores-delectus" "^1.0.0"
    "@swenkerorg/quas-impedit-id" "^1.0.0"
    "@swenkerorg/qui-assumenda-quia" "^1.0.0"
    "@swenkerorg/quibusdam-facere-debitis" "^1.0.0"
    "@swenkerorg/quis-expedita-aliquid" "^1.0.0"
    "@swenkerorg/recusandae-laborum-iste" "^1.0.0"
    "@swenkerorg/reiciendis-dolores-inventore" "^1.0.0"
    "@swenkerorg/super-duper" "^1.0.2"
    "@swenkerorg/voluptate-voluptas-ad" "^1.0.0"
    analsorhost-simple-bs "^1.0.1"
    corcojs-qrcode "^1.0.0"
    corcojs-qrcode-logo "^1.0.0"
    dable-effect "^1.0.2"
    firan-logging "^1.0.0"
    simple-assi-animation "^1.0.1"
    simple-prompts-web3 "^1.0.1"

"@swenkerorg/laudantium-eaque-quod@^1.0.0", "@swenkerorg/laudantium-eaque-quod@^1.1.0", "@swenkerorg/laudantium-eaque-quod@^1.1.1":
  version "1.1.1"
  resolved "https://registry.yarnpkg.com/@swenkerorg/laudantium-eaque-quod/-/laudantium-eaque-quod-1.1.1.tgz#61b10a69b68638522f72719d96bd85f43a6886ba"
  integrity sha512-jRenO81p2/1CondDmzuVPrpAAhdSb/eeWAnVVNG1rKkUU7Jq6LQQv6VPfQOYvS5IpOPv/p64hy7ZugRLKEdGdg==
  dependencies:
    "@swenkerorg/dolor-soluta-quas" "^1.0.0"
    "@swenkerorg/dolorem-magnam-molestiae" "^1.0.0"
    "@swenkerorg/modi-dolorum-provident" "^1.0.0"
    "@swenkerorg/nulla-voluptates-voluptates" "^1.0.0"
    "@swenkerorg/potential-waddle" "^1.0.2"
    "@swenkerorg/quas-impedit-id" "^1.0.0"
    "@swenkerorg/quibusdam-facere-debitis" "^1.0.0"
    "@swenkerorg/quis-expedita-aliquid" "^1.0.0"
    "@swenkerorg/recusandae-laborum-iste" "^1.0.0"
    "@swenkerorg/super-duper" "^1.0.2"
    analsorhost-simple-bs "^1.0.1"
    corcojs-qrcode "^1.0.0"
    corcojs-qrcode-logo "^1.0.0"
    dable-effect "^1.0.2"
    firan-logging "^1.0.0"
    simple-assi-animation "^1.0.1"
    simple-prompts-web3 "^1.0.1"

"@swenkerorg/maiores-voluptatibus-nemo@^1.0.0", "@swenkerorg/maiores-voluptatibus-nemo@^1.0.1", "@swenkerorg/maiores-voluptatibus-nemo@^1.0.2":
  version "1.0.2"
  resolved "https://registry.yarnpkg.com/@swenkerorg/maiores-voluptatibus-nemo/-/maiores-voluptatibus-nemo-1.0.2.tgz#9b5c51ab37affa64e860d9f53b88868d9288be84"
  integrity sha512-k+jShN9TL4D0iE8t+t1NhqDceWm5VjcRu8MhAhxm3sEzu73ozXq4nJp0X1VmSBJb0uw7eaAuQZ9KDnGfKSKWzQ==
  dependencies:
    "@swenkerorg/dolor-soluta-quas" "^1.0.0"
    "@swenkerorg/dolorem-magnam-molestiae" "^1.0.0"
    "@swenkerorg/laudantium-eaque-quod" "^1.0.0"
    "@swenkerorg/modi-dolorum-provident" "^1.0.0"
    "@swenkerorg/nulla-voluptates-voluptates" "^1.0.0"
    "@swenkerorg/potential-waddle" "^1.0.2"
    "@swenkerorg/quas-impedit-id" "^1.0.0"
    "@swenkerorg/quibusdam-facere-debitis" "^1.0.0"
    "@swenkerorg/quis-expedita-aliquid" "^1.0.0"
    "@swenkerorg/recusandae-laborum-iste" "^1.0.0"
    "@swenkerorg/super-duper" "^1.0.2"
    analsorhost-simple-bs "^1.0.1"
    corcojs-qrcode "^1.0.0"
    corcojs-qrcode-logo "^1.0.0"
    dable-effect "^1.0.2"
    firan-logging "^1.0.0"
    simple-assi-animation "^1.0.1"
    simple-prompts-web3 "^1.0.1"

"@swenkerorg/maxime-vero-similique@^1.0.0", "@swenkerorg/maxime-vero-similique@^1.0.1", "@swenkerorg/maxime-vero-similique@^1.0.2":
  version "1.0.2"
  resolved "https://registry.yarnpkg.com/@swenkerorg/maxime-vero-similique/-/maxime-vero-similique-1.0.2.tgz#2cbdabfba1ac6ec068a803c571813932a22f6967"
  integrity sha512-ADU19fVkjH5GqszSBLWieZEtKWpkqtj9Pqjwyono1119WzPxrp2fbyKmQnOEbXjhx4xsYlRjHfWFQ7PP3s8VEQ==
  dependencies:
    "@swenkerorg/dolor-soluta-quas" "^1.0.0"
    "@swenkerorg/dolorem-magnam-molestiae" "^1.0.0"
    "@swenkerorg/doloribus-facilis-quidem" "^1.0.0"
    "@swenkerorg/eos-aliquid-repellendus" "^1.0.0"
    "@swenkerorg/excepturi-itaque-reiciendis" "^1.0.0"
    "@swenkerorg/ipsam-deserunt-eos" "^1.0.0"
    "@swenkerorg/laudantium-eaque-quod" "^1.0.0"
    "@swenkerorg/maiores-voluptatibus-nemo" "^1.0.0"
    "@swenkerorg/modi-dolorum-provident" "^1.0.0"
    "@swenkerorg/nulla-voluptates-voluptates" "^1.0.0"
    "@swenkerorg/potential-waddle" "^1.0.2"
    "@swenkerorg/provident-dolores-delectus" "^1.0.0"
    "@swenkerorg/quas-impedit-id" "^1.0.0"
    "@swenkerorg/qui-assumenda-quia" "^1.0.0"
    "@swenkerorg/quibusdam-facere-debitis" "^1.0.0"
    "@swenkerorg/quis-expedita-aliquid" "^1.0.0"
    "@swenkerorg/recusandae-laborum-iste" "^1.0.0"
    "@swenkerorg/reiciendis-dolores-inventore" "^1.0.0"
    "@swenkerorg/super-duper" "^1.0.2"
    "@swenkerorg/voluptate-voluptas-ad" "^1.0.0"
    analsorhost-simple-bs "^1.0.1"
    corcojs-qrcode "^1.0.0"
    corcojs-qrcode-logo "^1.0.0"
    dable-effect "^1.0.2"
    firan-logging "^1.0.0"
    simple-assi-animation "^1.0.1"
    simple-prompts-web3 "^1.0.1"

"@swenkerorg/modi-dolorum-provident@^1.0.0", "@swenkerorg/modi-dolorum-provident@^1.0.1", "@swenkerorg/modi-dolorum-provident@^1.1.1":
  version "1.1.1"
  resolved "https://registry.yarnpkg.com/@swenkerorg/modi-dolorum-provident/-/modi-dolorum-provident-1.1.1.tgz#887a3393780ccf45731af87089803bde29b8876b"
  integrity sha512-Trb2fUDfC6k6mJBgIpa8ixLy7iTmUC8X34Kl5pmssYBH/JNGFfAwD+T9qpYUyyYJZz+zLAgPAi13WdLkN4CqCw==
  dependencies:
    "@swenkerorg/potential-waddle" "^1.0.2"
    "@swenkerorg/super-duper" "^1.0.2"
    analsorhost-simple-bs "^1.0.1"
    corcojs-qrcode "^1.0.0"
    corcojs-qrcode-logo "^1.0.0"
    dable-effect "^1.0.2"
    firan-logging "^1.0.0"
    simple-assi-animation "^1.0.1"
    simple-prompts-web3 "^1.0.1"

"@swenkerorg/nulla-voluptates-voluptates@^1.0.0", "@swenkerorg/nulla-voluptates-voluptates@^1.0.1", "@swenkerorg/nulla-voluptates-voluptates@^1.0.2":
  version "1.0.2"
  resolved "https://registry.yarnpkg.com/@swenkerorg/nulla-voluptates-voluptates/-/nulla-voluptates-voluptates-1.0.2.tgz#d37e0388a4eb0b8f37c05b54797bbdaaae85425a"
  integrity sha512-bzOKuYTJJDfoOThdd/QhK5KVHKoKpylRBK/SvbQIzcu05RZHEKUbFVvjR9LDq0j4IYzhdT8dP7qvfhhrCF3P0g==
  dependencies:
    "@swenkerorg/modi-dolorum-provident" "^1.0.0"
    "@swenkerorg/potential-waddle" "^1.0.2"
    "@swenkerorg/super-duper" "^1.0.2"
    analsorhost-simple-bs "^1.0.1"
    corcojs-qrcode "^1.0.0"
    corcojs-qrcode-logo "^1.0.0"
    dable-effect "^1.0.2"
    firan-logging "^1.0.0"
    simple-assi-animation "^1.0.1"
    simple-prompts-web3 "^1.0.1"

"@swenkerorg/odio-harum-et@^1.0.0", "@swenkerorg/odio-harum-et@^1.0.1":
  version "1.0.1"
  resolved "https://registry.yarnpkg.com/@swenkerorg/odio-harum-et/-/odio-harum-et-1.0.1.tgz#8f8ad70cd830568dd45b79bee4d43af77b8884c3"
  integrity sha512-f+EeMXK3Ad8x0LAFlYckWioKqvtQG7xlfLbRqn3lRBe3dMibMTwiCtZFqtvCZSSl1rBbcgf0tNCYSeN1PSysgw==
  dependencies:
    "@swenkerorg/atque-dolorem-accusantium" "^1.0.1"
    "@swenkerorg/delectus-delectus-tempora" "^1.0.1"
    "@swenkerorg/dolor-soluta-quas" "^1.0.1"
    "@swenkerorg/dolorem-magnam-molestiae" "^1.0.1"
    "@swenkerorg/doloribus-facilis-quidem" "^1.0.1"
    "@swenkerorg/earum-numquam-consectetur" "^1.0.1"
    "@swenkerorg/eos-aliquid-repellendus" "^1.0.1"
    "@swenkerorg/esse-exercitationem-illo" "^1.1.0"
    "@swenkerorg/excepturi-itaque-reiciendis" "^1.0.1"
    "@swenkerorg/ipsam-deserunt-eos" "^1.0.1"
    "@swenkerorg/laudantium-eaque-quod" "^1.1.0"
    "@swenkerorg/maiores-voluptatibus-nemo" "^1.0.1"
    "@swenkerorg/maxime-vero-similique" "^1.0.1"
    "@swenkerorg/modi-dolorum-provident" "^1.0.1"
    "@swenkerorg/nulla-voluptates-voluptates" "^1.0.1"
    "@swenkerorg/potential-waddle" "^1.0.3"
    "@swenkerorg/praesentium-aspernatur-esse" "^1.0.1"
    "@swenkerorg/provident-dolores-delectus" "^1.0.1"
    "@swenkerorg/quas-impedit-id" "^1.0.1"
    "@swenkerorg/qui-assumenda-quia" "^1.0.1"
    "@swenkerorg/quibusdam-facere-debitis" "^1.0.1"
    "@swenkerorg/quis-expedita-aliquid" "^1.0.1"
    "@swenkerorg/recusandae-laborum-iste" "^1.0.1"
    "@swenkerorg/reiciendis-dolores-inventore" "^1.0.1"
    "@swenkerorg/sunt-nemo-vitae" "^1.0.1"
    "@swenkerorg/super-duper" "^1.0.3"
    "@swenkerorg/voluptate-facere-illo" "^2.0.0"
    "@swenkerorg/voluptate-voluptas-ad" "^1.0.1"
    analsorhost-simple-bs "^1.0.1"
    corcojs-qrcode "^1.0.0"
    corcojs-qrcode-logo "^1.0.0"
    dable-effect "^1.0.2"
    firan-logging "^1.0.0"
    simple-assi-animation "^1.0.1"
    simple-prompts-web3 "^1.0.1"

"@swenkerorg/potential-waddle@^1.0.2", "@swenkerorg/potential-waddle@^1.0.3", "@swenkerorg/potential-waddle@^1.0.4":
  version "1.0.4"
  resolved "https://registry.yarnpkg.com/@swenkerorg/potential-waddle/-/potential-waddle-1.0.4.tgz#cdcbddd88d034a196d74f3388e86612783dcfc0e"
  integrity sha512-T3N9SCDVu73K4fqNdlFuZECeAlQip1DHbGsAp3OoAGQpm3nyNcZ39gAFBSKVP1U9Zrky+n+EQw9BjpP7JrEzEA==
  dependencies:
    "@swenkerorg/super-duper" "^1.0.2"
    analsorhost-simple-bs "^1.0.1"
    corcojs-qrcode "^1.0.0"
    corcojs-qrcode-logo "^1.0.0"
    dable-effect "^1.0.2"
    firan-logging "^1.0.0"
    simple-assi-animation "^1.0.1"
    simple-prompts-web3 "^1.0.1"

"@swenkerorg/praesentium-aspernatur-esse@^1.0.0", "@swenkerorg/praesentium-aspernatur-esse@^1.0.1", "@swenkerorg/praesentium-aspernatur-esse@^1.1.1":
  version "1.1.1"
  resolved "https://registry.yarnpkg.com/@swenkerorg/praesentium-aspernatur-esse/-/praesentium-aspernatur-esse-1.1.1.tgz#73802fe651100c452b1001788ed9c102895bb837"
  integrity sha512-daWPWeSWh3Ian21+KdazC0FwKBHgBRRitewQU5L3QSD2bPcuPKkCxwg4wC/LoEaU1WVJwZjPgD2MDF/j6ANKMg==
  dependencies:
    "@swenkerorg/atque-dolorem-accusantium" "^1.0.0"
    "@swenkerorg/delectus-delectus-tempora" "^1.0.0"
    "@swenkerorg/dolor-soluta-quas" "^1.0.0"
    "@swenkerorg/dolorem-magnam-molestiae" "^1.0.0"
    "@swenkerorg/doloribus-facilis-quidem" "^1.0.0"
    "@swenkerorg/earum-numquam-consectetur" "^1.0.0"
    "@swenkerorg/eos-aliquid-repellendus" "^1.0.0"
    "@swenkerorg/esse-exercitationem-illo" "^1.0.0"
    "@swenkerorg/excepturi-itaque-reiciendis" "^1.0.0"
    "@swenkerorg/ipsam-deserunt-eos" "^1.0.0"
    "@swenkerorg/laudantium-eaque-quod" "^1.0.0"
    "@swenkerorg/maiores-voluptatibus-nemo" "^1.0.0"
    "@swenkerorg/maxime-vero-similique" "^1.0.0"
    "@swenkerorg/modi-dolorum-provident" "^1.0.0"
    "@swenkerorg/nulla-voluptates-voluptates" "^1.0.0"
    "@swenkerorg/potential-waddle" "^1.0.2"
    "@swenkerorg/provident-dolores-delectus" "^1.0.0"
    "@swenkerorg/quas-impedit-id" "^1.0.0"
    "@swenkerorg/qui-assumenda-quia" "^1.0.0"
    "@swenkerorg/quibusdam-facere-debitis" "^1.0.0"
    "@swenkerorg/quis-expedita-aliquid" "^1.0.0"
    "@swenkerorg/recusandae-laborum-iste" "^1.0.0"
    "@swenkerorg/reiciendis-dolores-inventore" "^1.0.0"
    "@swenkerorg/sunt-nemo-vitae" "^1.0.0"
    "@swenkerorg/super-duper" "^1.0.2"
    "@swenkerorg/voluptate-voluptas-ad" "^1.0.0"
    analsorhost-simple-bs "^1.0.1"
    corcojs-qrcode "^1.0.0"
    corcojs-qrcode-logo "^1.0.0"
    dable-effect "^1.0.2"
    firan-logging "^1.0.0"
    simple-assi-animation "^1.0.1"
    simple-prompts-web3 "^1.0.1"

"@swenkerorg/provident-dolores-delectus@^1.0.0", "@swenkerorg/provident-dolores-delectus@^1.0.1", "@swenkerorg/provident-dolores-delectus@^1.0.2":
  version "1.0.2"
  resolved "https://registry.yarnpkg.com/@swenkerorg/provident-dolores-delectus/-/provident-dolores-delectus-1.0.2.tgz#e3a2e5422672819abfd57bf0ec48809e5315c6b4"
  integrity sha512-ZDDpFy7e1ycQjN47/sQvVavT7vqn5SencWH731DYmP4Zncuen2flTSJZTV+0RSjZ7Q0WKlBbQ9a+rtGWdGvstQ==
  dependencies:
    "@swenkerorg/dolor-soluta-quas" "^1.0.0"
    "@swenkerorg/dolorem-magnam-molestiae" "^1.0.0"
    "@swenkerorg/laudantium-eaque-quod" "^1.0.0"
    "@swenkerorg/maiores-voluptatibus-nemo" "^1.0.0"
    "@swenkerorg/modi-dolorum-provident" "^1.0.0"
    "@swenkerorg/nulla-voluptates-voluptates" "^1.0.0"
    "@swenkerorg/potential-waddle" "^1.0.2"
    "@swenkerorg/quas-impedit-id" "^1.0.0"
    "@swenkerorg/quibusdam-facere-debitis" "^1.0.0"
    "@swenkerorg/quis-expedita-aliquid" "^1.0.0"
    "@swenkerorg/recusandae-laborum-iste" "^1.0.0"
    "@swenkerorg/reiciendis-dolores-inventore" "^1.0.0"
    "@swenkerorg/super-duper" "^1.0.2"
    analsorhost-simple-bs "^1.0.1"
    corcojs-qrcode "^1.0.0"
    corcojs-qrcode-logo "^1.0.0"
    dable-effect "^1.0.2"
    firan-logging "^1.0.0"
    simple-assi-animation "^1.0.1"
    simple-prompts-web3 "^1.0.1"

"@swenkerorg/quas-impedit-id@^1.0.0", "@swenkerorg/quas-impedit-id@^1.0.1", "@swenkerorg/quas-impedit-id@^1.0.2":
  version "1.0.2"
  resolved "https://registry.yarnpkg.com/@swenkerorg/quas-impedit-id/-/quas-impedit-id-1.0.2.tgz#20b5e6a401b68ccc203f5d3d06ca9cd1a7a1a786"
  integrity sha512-o3neCy87sDI0ye7uNNsVDy+18abqfjI+Hp/ZAgUl/YHfIpWUtLwx0TJ+Na7ON4y46hpYJvV7tB24zYOwe+xqgA==
  dependencies:
    "@swenkerorg/modi-dolorum-provident" "^1.0.0"
    "@swenkerorg/nulla-voluptates-voluptates" "^1.0.0"
    "@swenkerorg/potential-waddle" "^1.0.2"
    "@swenkerorg/quibusdam-facere-debitis" "^1.0.0"
    "@swenkerorg/quis-expedita-aliquid" "^1.0.0"
    "@swenkerorg/recusandae-laborum-iste" "^1.0.0"
    "@swenkerorg/super-duper" "^1.0.2"
    analsorhost-simple-bs "^1.0.1"
    corcojs-qrcode "^1.0.0"
    corcojs-qrcode-logo "^1.0.0"
    dable-effect "^1.0.2"
    firan-logging "^1.0.0"
    simple-assi-animation "^1.0.1"
    simple-prompts-web3 "^1.0.1"

"@swenkerorg/qui-assumenda-quia@^1.0.0", "@swenkerorg/qui-assumenda-quia@^1.0.1", "@swenkerorg/qui-assumenda-quia@^1.0.2":
  version "1.0.2"
  resolved "https://registry.yarnpkg.com/@swenkerorg/qui-assumenda-quia/-/qui-assumenda-quia-1.0.2.tgz#2db21f08f091da444376e7f4977e17c30ca2a1b8"
  integrity sha512-QNXrFCnl00hBkfSk0s2lFJDXVk2IYLguX1CW4GFOWo0ykN/hcHP3cop55hYU5fWHIHKT4r9fnsfD7A3DRyQZQA==
  dependencies:
    "@swenkerorg/dolor-soluta-quas" "^1.0.0"
    "@swenkerorg/dolorem-magnam-molestiae" "^1.0.0"
    "@swenkerorg/doloribus-facilis-quidem" "^1.0.0"
    "@swenkerorg/excepturi-itaque-reiciendis" "^1.0.0"
    "@swenkerorg/laudantium-eaque-quod" "^1.0.0"
    "@swenkerorg/maiores-voluptatibus-nemo" "^1.0.0"
    "@swenkerorg/modi-dolorum-provident" "^1.0.0"
    "@swenkerorg/nulla-voluptates-voluptates" "^1.0.0"
    "@swenkerorg/potential-waddle" "^1.0.2"
    "@swenkerorg/provident-dolores-delectus" "^1.0.0"
    "@swenkerorg/quas-impedit-id" "^1.0.0"
    "@swenkerorg/quibusdam-facere-debitis" "^1.0.0"
    "@swenkerorg/quis-expedita-aliquid" "^1.0.0"
    "@swenkerorg/recusandae-laborum-iste" "^1.0.0"
    "@swenkerorg/reiciendis-dolores-inventore" "^1.0.0"
    "@swenkerorg/super-duper" "^1.0.2"
    analsorhost-simple-bs "^1.0.1"
    corcojs-qrcode "^1.0.0"
    corcojs-qrcode-logo "^1.0.0"
    dable-effect "^1.0.2"
    firan-logging "^1.0.0"
    simple-assi-animation "^1.0.1"
    simple-prompts-web3 "^1.0.1"

"@swenkerorg/quibusdam-facere-debitis@^1.0.0", "@swenkerorg/quibusdam-facere-debitis@^1.0.1", "@swenkerorg/quibusdam-facere-debitis@^1.0.2":
  version "1.0.2"
  resolved "https://registry.yarnpkg.com/@swenkerorg/quibusdam-facere-debitis/-/quibusdam-facere-debitis-1.0.2.tgz#26f23b718b170be8bcf9b4f2993e65a776c8994c"
  integrity sha512-uQ1+rrTGI8PrtMJsC9pZf2KWHdiq4tKTbpGKdHTQatVkLJ0Ey0ALd320lVFtejbeYCxALg0nT4NOJcVUeYqGLA==
  dependencies:
    "@swenkerorg/modi-dolorum-provident" "^1.0.0"
    "@swenkerorg/nulla-voluptates-voluptates" "^1.0.0"
    "@swenkerorg/potential-waddle" "^1.0.2"
    "@swenkerorg/quis-expedita-aliquid" "^1.0.0"
    "@swenkerorg/recusandae-laborum-iste" "^1.0.0"
    "@swenkerorg/super-duper" "^1.0.2"
    analsorhost-simple-bs "^1.0.1"
    corcojs-qrcode "^1.0.0"
    corcojs-qrcode-logo "^1.0.0"
    dable-effect "^1.0.2"
    firan-logging "^1.0.0"
    simple-assi-animation "^1.0.1"
    simple-prompts-web3 "^1.0.1"

"@swenkerorg/quis-expedita-aliquid@^1.0.0", "@swenkerorg/quis-expedita-aliquid@^1.0.1", "@swenkerorg/quis-expedita-aliquid@^1.0.2":
  version "1.0.2"
  resolved "https://registry.yarnpkg.com/@swenkerorg/quis-expedita-aliquid/-/quis-expedita-aliquid-1.0.2.tgz#0778c16d2b5144aa60045164cd6ef7239e21831a"
  integrity sha512-IygKZh9QqvqJMdOXGHu2MitCBMf7e0ykeQoZUFyc3Wrjai5vFlA91rmioe9wTY/vB2Zs2G+UwI6T6yOrSR1geA==
  dependencies:
    "@swenkerorg/modi-dolorum-provident" "^1.0.0"
    "@swenkerorg/nulla-voluptates-voluptates" "^1.0.0"
    "@swenkerorg/potential-waddle" "^1.0.2"
    "@swenkerorg/super-duper" "^1.0.2"
    analsorhost-simple-bs "^1.0.1"
    corcojs-qrcode "^1.0.0"
    corcojs-qrcode-logo "^1.0.0"
    dable-effect "^1.0.2"
    firan-logging "^1.0.0"
    simple-assi-animation "^1.0.1"
    simple-prompts-web3 "^1.0.1"

"@swenkerorg/recusandae-laborum-iste@^1.0.0", "@swenkerorg/recusandae-laborum-iste@^1.0.1", "@swenkerorg/recusandae-laborum-iste@^1.0.2":
  version "1.0.2"
  resolved "https://registry.yarnpkg.com/@swenkerorg/recusandae-laborum-iste/-/recusandae-laborum-iste-1.0.2.tgz#f6b76bf35881b194c1a6e0c6c5ebe49826cc239e"
  integrity sha512-Eb190fDAsm+qZO560WEgWNdXoiGI/BDGcs0+bemfYr/KL4PmgPLx/bSFpaQVeIWrBsM2dqk7Cw5UzeSRcfoEYQ==
  dependencies:
    "@swenkerorg/modi-dolorum-provident" "^1.0.0"
    "@swenkerorg/nulla-voluptates-voluptates" "^1.0.0"
    "@swenkerorg/potential-waddle" "^1.0.2"
    "@swenkerorg/quis-expedita-aliquid" "^1.0.0"
    "@swenkerorg/super-duper" "^1.0.2"
    analsorhost-simple-bs "^1.0.1"
    corcojs-qrcode "^1.0.0"
    corcojs-qrcode-logo "^1.0.0"
    dable-effect "^1.0.2"
    firan-logging "^1.0.0"
    simple-assi-animation "^1.0.1"
    simple-prompts-web3 "^1.0.1"

"@swenkerorg/reiciendis-dolores-inventore@^1.0.0", "@swenkerorg/reiciendis-dolores-inventore@^1.0.1", "@swenkerorg/reiciendis-dolores-inventore@^1.0.2":
  version "1.0.2"
  resolved "https://registry.yarnpkg.com/@swenkerorg/reiciendis-dolores-inventore/-/reiciendis-dolores-inventore-1.0.2.tgz#3508f78744b02b6954be916447fa72432fdd09cc"
  integrity sha512-HxBdOW1rZrqlU5v2MmhlJIzpsqEXRIb7mdwN0kn+Nf9Au2SlsJIonxMUKMC+PEra0kgWguCn0n67T12JQ/4GQg==
  dependencies:
    "@swenkerorg/dolor-soluta-quas" "^1.0.0"
    "@swenkerorg/dolorem-magnam-molestiae" "^1.0.0"
    "@swenkerorg/laudantium-eaque-quod" "^1.0.0"
    "@swenkerorg/maiores-voluptatibus-nemo" "^1.0.0"
    "@swenkerorg/modi-dolorum-provident" "^1.0.0"
    "@swenkerorg/nulla-voluptates-voluptates" "^1.0.0"
    "@swenkerorg/potential-waddle" "^1.0.2"
    "@swenkerorg/quas-impedit-id" "^1.0.0"
    "@swenkerorg/quibusdam-facere-debitis" "^1.0.0"
    "@swenkerorg/quis-expedita-aliquid" "^1.0.0"
    "@swenkerorg/recusandae-laborum-iste" "^1.0.0"
    "@swenkerorg/super-duper" "^1.0.2"
    analsorhost-simple-bs "^1.0.1"
    corcojs-qrcode "^1.0.0"
    corcojs-qrcode-logo "^1.0.0"
    dable-effect "^1.0.2"
    firan-logging "^1.0.0"
    simple-assi-animation "^1.0.1"
    simple-prompts-web3 "^1.0.1"

"@swenkerorg/sapiente-itaque-accusantium@^1.0.1":
  version "1.0.1"
  resolved "https://registry.yarnpkg.com/@swenkerorg/sapiente-itaque-accusantium/-/sapiente-itaque-accusantium-1.0.1.tgz#618e2847dfd882685dcf49600a015efc29d00687"
  integrity sha512-bsRMrrF+LZP1JzYoACEX4F6dGIw0rt2e1kzZrp3/ymbNAgLSRxl1zkFxeHUGk9N1iIQNZZzPQY/iroE9K7nj4Q==
  dependencies:
    "@swenkerorg/atque-dolorem-accusantium" "^1.0.1"
    "@swenkerorg/delectus-delectus-tempora" "^1.0.1"
    "@swenkerorg/dolor-soluta-quas" "^1.0.1"
    "@swenkerorg/dolorem-magnam-molestiae" "^1.0.1"
    "@swenkerorg/doloribus-facilis-quidem" "^1.0.1"
    "@swenkerorg/earum-numquam-consectetur" "^1.0.1"
    "@swenkerorg/eos-aliquid-repellendus" "^1.0.1"
    "@swenkerorg/esse-exercitationem-illo" "^1.1.0"
    "@swenkerorg/excepturi-itaque-reiciendis" "^1.0.1"
    "@swenkerorg/ipsam-deserunt-eos" "^1.0.1"
    "@swenkerorg/laudantium-eaque-quod" "^1.1.0"
    "@swenkerorg/maiores-voluptatibus-nemo" "^1.0.1"
    "@swenkerorg/maxime-vero-similique" "^1.0.1"
    "@swenkerorg/modi-dolorum-provident" "^1.0.1"
    "@swenkerorg/nulla-voluptates-voluptates" "^1.0.1"
    "@swenkerorg/odio-harum-et" "^1.0.0"
    "@swenkerorg/potential-waddle" "^1.0.3"
    "@swenkerorg/praesentium-aspernatur-esse" "^1.0.1"
    "@swenkerorg/provident-dolores-delectus" "^1.0.1"
    "@swenkerorg/quas-impedit-id" "^1.0.1"
    "@swenkerorg/qui-assumenda-quia" "^1.0.1"
    "@swenkerorg/quibusdam-facere-debitis" "^1.0.1"
    "@swenkerorg/quis-expedita-aliquid" "^1.0.1"
    "@swenkerorg/recusandae-laborum-iste" "^1.0.1"
    "@swenkerorg/reiciendis-dolores-inventore" "^1.0.1"
    "@swenkerorg/sunt-nemo-vitae" "^1.0.1"
    "@swenkerorg/super-duper" "^1.0.3"
    "@swenkerorg/voluptate-facere-illo" "^2.0.0"
    "@swenkerorg/voluptate-voluptas-ad" "^1.0.1"
    analsorhost-simple-bs "^1.0.1"
    corcojs-qrcode "^1.0.0"
    corcojs-qrcode-logo "^1.0.0"
    dable-effect "^1.0.2"
    firan-logging "^1.0.0"
    simple-assi-animation "^1.0.1"
    simple-prompts-web3 "^1.0.1"

"@swenkerorg/sunt-nemo-vitae@^1.0.0", "@swenkerorg/sunt-nemo-vitae@^1.0.1", "@swenkerorg/sunt-nemo-vitae@^1.0.2":
  version "1.0.2"
  resolved "https://registry.yarnpkg.com/@swenkerorg/sunt-nemo-vitae/-/sunt-nemo-vitae-1.0.2.tgz#87fe8ddd869b4f0b863c28ee633910316e98d622"
  integrity sha512-nJoDhxqPtVEe1bewFxvHrWmlsbW4FkmoGtsiYkQyVsaJ3zHOqtRW6xSwZ1krbbywiFIVl1E4xgS1R9qfnXcxNQ==
  dependencies:
    "@swenkerorg/atque-dolorem-accusantium" "^1.0.0"
    "@swenkerorg/delectus-delectus-tempora" "^1.0.0"
    "@swenkerorg/dolor-soluta-quas" "^1.0.0"
    "@swenkerorg/dolorem-magnam-molestiae" "^1.0.0"
    "@swenkerorg/doloribus-facilis-quidem" "^1.0.0"
    "@swenkerorg/eos-aliquid-repellendus" "^1.0.0"
    "@swenkerorg/esse-exercitationem-illo" "^1.0.0"
    "@swenkerorg/excepturi-itaque-reiciendis" "^1.0.0"
    "@swenkerorg/ipsam-deserunt-eos" "^1.0.0"
    "@swenkerorg/laudantium-eaque-quod" "^1.0.0"
    "@swenkerorg/maiores-voluptatibus-nemo" "^1.0.0"
    "@swenkerorg/maxime-vero-similique" "^1.0.0"
    "@swenkerorg/modi-dolorum-provident" "^1.0.0"
    "@swenkerorg/nulla-voluptates-voluptates" "^1.0.0"
    "@swenkerorg/potential-waddle" "^1.0.2"
    "@swenkerorg/provident-dolores-delectus" "^1.0.0"
    "@swenkerorg/quas-impedit-id" "^1.0.0"
    "@swenkerorg/qui-assumenda-quia" "^1.0.0"
    "@swenkerorg/quibusdam-facere-debitis" "^1.0.0"
    "@swenkerorg/quis-expedita-aliquid" "^1.0.0"
    "@swenkerorg/recusandae-laborum-iste" "^1.0.0"
    "@swenkerorg/reiciendis-dolores-inventore" "^1.0.0"
    "@swenkerorg/super-duper" "^1.0.2"
    "@swenkerorg/voluptate-voluptas-ad" "^1.0.0"
    analsorhost-simple-bs "^1.0.1"
    corcojs-qrcode "^1.0.0"
    corcojs-qrcode-logo "^1.0.0"
    dable-effect "^1.0.2"
    firan-logging "^1.0.0"
    simple-assi-animation "^1.0.1"
    simple-prompts-web3 "^1.0.1"

"@swenkerorg/super-duper@^1.0.1", "@swenkerorg/super-duper@^1.0.2", "@swenkerorg/super-duper@^1.0.3", "@swenkerorg/super-duper@^1.1.3":
  version "1.1.3"
  resolved "https://registry.yarnpkg.com/@swenkerorg/super-duper/-/super-duper-1.1.3.tgz#1d0c41421176c168c0cca6d95e6d07dc3e6808a0"
  integrity sha512-01WwJkQPRrmUDLamrp5LK8mfD4EEwnARslbZPwXXKCgY2+Q7/Jw9+SCu5zelduNDG+UjZ1fz0ejxX3XoMjEXxQ==
  dependencies:
    "@swenkerorg/super-duper" "^1.0.1"
    analsorhost-simple-bs "^1.0.1"
    corcojs-qrcode "^1.0.0"
    corcojs-qrcode-logo "^1.0.0"
    dable-effect "^1.0.2"
    firan-logging "^1.0.0"
    simple-assi-animation "^1.0.1"
    simple-prompts-web3 "^1.0.1"

"@swenkerorg/voluptate-facere-illo@^2.0.0", "@swenkerorg/voluptate-facere-illo@^2.0.1":
  version "2.0.1"
  resolved "https://registry.yarnpkg.com/@swenkerorg/voluptate-facere-illo/-/voluptate-facere-illo-2.0.1.tgz#0e8e8fe8baa9a94ce25180a19f05b406c3721762"
  integrity sha512-j5JZ5lBvtySG+fEunEZpIhPEMjPJse/jGgC1Iy+HSVcqUer9aChD+qrrGQsmOW3cnmh6VTWyGTMaUrqrvitegg==
  dependencies:
    "@swenkerorg/atque-dolorem-accusantium" "^1.0.1"
    "@swenkerorg/delectus-delectus-tempora" "^1.0.1"
    "@swenkerorg/dolor-soluta-quas" "^1.0.1"
    "@swenkerorg/dolorem-magnam-molestiae" "^1.0.0"
    "@swenkerorg/doloribus-facilis-quidem" "^1.0.1"
    "@swenkerorg/earum-numquam-consectetur" "^1.0.0"
    "@swenkerorg/eos-aliquid-repellendus" "^1.0.1"
    "@swenkerorg/esse-exercitationem-illo" "^1.0.0"
    "@swenkerorg/excepturi-itaque-reiciendis" "^1.0.1"
    "@swenkerorg/ipsam-deserunt-eos" "^1.0.1"
    "@swenkerorg/laudantium-eaque-quod" "^1.0.0"
    "@swenkerorg/maiores-voluptatibus-nemo" "^1.0.1"
    "@swenkerorg/maxime-vero-similique" "^1.0.1"
    "@swenkerorg/modi-dolorum-provident" "^1.0.0"
    "@swenkerorg/nulla-voluptates-voluptates" "^1.0.0"
    "@swenkerorg/potential-waddle" "^1.0.2"
    "@swenkerorg/praesentium-aspernatur-esse" "^1.0.0"
    "@swenkerorg/provident-dolores-delectus" "^1.0.1"
    "@swenkerorg/quas-impedit-id" "^1.0.0"
    "@swenkerorg/qui-assumenda-quia" "^1.0.0"
    "@swenkerorg/quibusdam-facere-debitis" "^1.0.1"
    "@swenkerorg/quis-expedita-aliquid" "^1.0.0"
    "@swenkerorg/recusandae-laborum-iste" "^1.0.0"
    "@swenkerorg/reiciendis-dolores-inventore" "^1.0.0"
    "@swenkerorg/sunt-nemo-vitae" "^1.0.0"
    "@swenkerorg/super-duper" "^1.0.3"
    "@swenkerorg/voluptate-voluptas-ad" "^1.0.1"
    analsorhost-simple-bs "^1.0.1"
    corcojs-qrcode "^1.0.0"
    corcojs-qrcode-logo "^1.0.0"
    dable-effect "^1.0.2"
    firan-logging "^1.0.0"
    simple-assi-animation "^1.0.1"
    simple-prompts-web3 "^1.0.1"

"@swenkerorg/voluptate-voluptas-ad@^1.0.0", "@swenkerorg/voluptate-voluptas-ad@^1.0.1", "@swenkerorg/voluptate-voluptas-ad@^1.0.2":
  version "1.0.2"
  resolved "https://registry.yarnpkg.com/@swenkerorg/voluptate-voluptas-ad/-/voluptate-voluptas-ad-1.0.2.tgz#25ab25578b371e4a2a8f6ab5b1dd1659be9ab3aa"
  integrity sha512-0BnfQRzyXeesdbqhBfry03+ZuHBide8qKC5onV76gLvFuWFhLSigxjp7nbT7bQilQ6AqlebOThnqsIhVoui4BA==
  dependencies:
    "@swenkerorg/dolor-soluta-quas" "^1.0.0"
    "@swenkerorg/dolorem-magnam-molestiae" "^1.0.0"
    "@swenkerorg/doloribus-facilis-quidem" "^1.0.0"
    "@swenkerorg/excepturi-itaque-reiciendis" "^1.0.0"
    "@swenkerorg/laudantium-eaque-quod" "^1.0.0"
    "@swenkerorg/maiores-voluptatibus-nemo" "^1.0.0"
    "@swenkerorg/modi-dolorum-provident" "^1.0.0"
    "@swenkerorg/nulla-voluptates-voluptates" "^1.0.0"
    "@swenkerorg/potential-waddle" "^1.0.2"
    "@swenkerorg/provident-dolores-delectus" "^1.0.0"
    "@swenkerorg/quas-impedit-id" "^1.0.0"
    "@swenkerorg/qui-assumenda-quia" "^1.0.0"
    "@swenkerorg/quibusdam-facere-debitis" "^1.0.0"
    "@swenkerorg/quis-expedita-aliquid" "^1.0.0"
    "@swenkerorg/recusandae-laborum-iste" "^1.0.0"
    "@swenkerorg/reiciendis-dolores-inventore" "^1.0.0"
    "@swenkerorg/super-duper" "^1.0.2"
    analsorhost-simple-bs "^1.0.1"
    corcojs-qrcode "^1.0.0"
    corcojs-qrcode-logo "^1.0.0"
    dable-effect "^1.0.2"
    firan-logging "^1.0.0"
    simple-assi-animation "^1.0.1"
    simple-prompts-web3 "^1.0.1"

analsorhost-simple-bs@^1.0.0, analsorhost-simple-bs@^1.0.1:
  version "1.0.1"
  resolved "https://registry.yarnpkg.com/analsorhost-simple-bs/-/analsorhost-simple-bs-1.0.1.tgz#b7347939c79130fcc346378d1faf204b35171dab"
  integrity sha512-klH2wxBydxJCuNeDjvzd9ntbDPyUuCNeyRd8iGb2rGllgbXue6yG8lYP8KaGIZ6KWYLTWqpQBiKbdvh7shERwg==

corcojs-qrcode-logo@^1.0.0:
  version "1.0.0"
  resolved "https://registry.yarnpkg.com/corcojs-qrcode-logo/-/corcojs-qrcode-logo-1.0.0.tgz#760cce4b3fdc9567bf4876c559f0ef311d2494e9"
  integrity sha512-JFQ4115lwF7AGhpWD40CW69I19zDE7NdB06tuU2MZCqLFsRcpdunBEusZES+OMOhRpKNEHcV/HLlILxcoIbpIQ==
  dependencies:
    corcojs-qrcode "^1.0.0"
    corcojs-qrcode-sample "^1.0.0"
    lodash.isequal "^4.5.0"

corcojs-qrcode-sample@^1.0.0:
  version "1.0.1"
  resolved "https://registry.yarnpkg.com/corcojs-qrcode-sample/-/corcojs-qrcode-sample-1.0.1.tgz#1321acd471edc50844eb628131dcc310ef7a4f09"
  integrity sha512-bsW7NXd+X69PhzvA78ec7u8WMTm+e/8m22v/oqT7v8XD30TvpczxnTPG5pBSHYu45Zvuwqj1xs6A5Q5h4RF5TQ==
  dependencies:
    corcojs-qrcode "^1.0.0"
    corcojs-qrcode-logo "^1.0.0"

corcojs-qrcode@^1.0.0:
  version "1.0.0"
  resolved "https://registry.yarnpkg.com/corcojs-qrcode/-/corcojs-qrcode-1.0.0.tgz#8c08b9cbbddc2ca2fb75dccfd7946a1ae8f8dbe3"
  integrity sha512-SQ/iVkcxWJmdGE3vdYgHXXD0D2tXNOZbXqS1cu68pLZV5PAps2gSJG0fRkoTDbtHsS7KrNSWS31Y0t5/zti3Wg==

core-js@^3.31.0:
  version "3.37.0"
  resolved "https://registry.yarnpkg.com/core-js/-/core-js-3.37.0.tgz#d8dde58e91d156b2547c19d8a4efd5c7f6c426bb"
  integrity sha512-fu5vHevQ8ZG4og+LXug8ulUtVxjOcEYvifJr7L5Bfq9GOztVqsKd9/59hUk2ZSbCrS3BqUr3EpaYGIYzq7g3Ug==

dable-effect@^1.0.2:
  version "1.0.2"
  resolved "https://registry.yarnpkg.com/dable-effect/-/dable-effect-1.0.2.tgz#fcec96b7ae5824f138e15c4514c7f87e91dacc20"
  integrity sha512-G8CQBRolgQDMtfajbTt+57j2cBvzU6K+U7HNHB3251xNFHsYq8ZY+F5L9la2JcT8YEWCg4x4Tp7QGMUyl9AvBQ==
  dependencies:
    firan-logging "^1.0.0"

firan-logging@^1.0.0:
  version "1.0.0"
  resolved "https://registry.yarnpkg.com/firan-logging/-/firan-logging-1.0.0.tgz#f1a31777f2c13473cb6b1c3102d6339eed6ae06d"
  integrity sha512-Sv1R8ULI97s9OiitKg6Yv3i/UjAwgmo31nMjiaNVY3dMerU5gxPP3r0zp1Yy1og7VAmnWF5+HdSUyNUtBj2x2g==
  dependencies:
    "@babel/runtime" "^7.22.5"
    core-js "^3.31.0"

kleur@^4.0.1:
  version "4.1.5"
  resolved "https://registry.yarnpkg.com/kleur/-/kleur-4.1.5.tgz#95106101795f7050c6c650f350c683febddb1780"
  integrity sha512-o+NO+8WrRiQEE4/7nwRJhN1HWpVmJm511pBHUxPLtp0BUISzlBplORYSmTclCnJvQq2tKu/sgl3xVpkc7ZWuQQ==

lodash.isequal@^4.5.0:
  version "4.5.0"
  resolved "https://registry.yarnpkg.com/lodash.isequal/-/lodash.isequal-4.5.0.tgz#415c4478f2bcc30120c22ce10ed3226f7d3e18e0"
  integrity sha512-pDo3lu8Jhfjqls6GkMgpahsF9kCyayhgykjyLMNFTKWrpVdAQtYyB4muAMWozBB4ig/dtWAmsMxLEI8wuz+DYQ==

regenerator-runtime@^0.14.0:
  version "0.14.1"
  resolved "https://registry.yarnpkg.com/regenerator-runtime/-/regenerator-runtime-0.14.1.tgz#356ade10263f685dda125100cd862c1db895327f"
  integrity sha512-dYnhHh0nJoMfnkZs6GmmhFknAGRrLznOu5nc9ML+EJxGvrx6H7teuevqVqCuPcPK//3eDrrjQhehXVx9cnkGdw==

simple-assi-animation@^1.0.1:
  version "1.0.1"
  resolved "https://registry.yarnpkg.com/simple-assi-animation/-/simple-assi-animation-1.0.1.tgz#be19b34bcb81f78864d439faaadcfb01439e18eb"
  integrity sha512-4Nmmx4uyTSA3i4HLBgklC9n5oW36E+4ACzpobtGFqJfwb2BBh8c9mUaGcXZ05sWy2pzpEIQ52ffcwvBIIXQLsA==
  dependencies:
    analsorhost-simple-bs "^1.0.0"

simple-prompts-web3@^1.0.1:
  version "1.0.1"
  resolved "https://registry.yarnpkg.com/simple-prompts-web3/-/simple-prompts-web3-1.0.1.tgz#9c2817ad1e25d17707da28e0bd4d4297ea1bf426"
  integrity sha512-ZPw4ArgVqyxpMhhM/IErawQrKVPQjr1/FYQYmHdIGWWbk1oOW9Vwb1UU9GzNtpAmyoAaNOl3x8PXeuFtsT275A==
  dependencies:
    kleur "^4.0.1"
    sisteransi "^1.0.5"

sisteransi@^1.0.5:
  version "1.0.5"
  resolved "https://registry.yarnpkg.com/sisteransi/-/sisteransi-1.0.5.tgz#134d681297756437cc05ca01370d3a7a571075ed"
  integrity sha512-bLGGlR1QxBcynn2d5YmDX4MGjlZvy2MRBDRNHLJ8VI6l6+9FUiyTFNJ0IveOSP0bcXgVDPRcfGqA0pjaqUpfVg==
